// !$*UTF8*$!
{
	archiveVersion = 1;
	classes = {
	};
	objectVersion = 56;
	objects = {

/* Begin PBXBuildFile section */
		DF52120A2C7BF13A00FA619F /* ButtonView.swift in Sources */ = {isa = PBXBuildFile; fileRef = DF5212092C7BF13A00FA619F /* ButtonView.swift */; };
		DF52120C2C7BF4C800FA619F /* ScrollViewTest.swift in Sources */ = {isa = PBXBuildFile; fileRef = DF52120B2C7BF4C800FA619F /* ScrollViewTest.swift */; };
		DF52120E2C7BF93700FA619F /* ScrollviewHorizontal.swift in Sources */ = {isa = PBXBuildFile; fileRef = DF52120D2C7BF93700FA619F /* ScrollviewHorizontal.swift */; };
		DF5212102C7BFFF600FA619F /* VStackView.swift in Sources */ = {isa = PBXBuildFile; fileRef = DF52120F2C7BFFF600FA619F /* VStackView.swift */; };
		DF5212122C7C04F600FA619F /* HStackView.swift in Sources */ = {isa = PBXBuildFile; fileRef = DF5212112C7C04F600FA619F /* HStackView.swift */; };
		DF5212162C7C060E00FA619F /* ZStackView.swift in Sources */ = {isa = PBXBuildFile; fileRef = DF5212152C7C060E00FA619F /* ZStackView.swift */; };
		DF5212182C8515F300FA619F /* TextView.swift in Sources */ = {isa = PBXBuildFile; fileRef = DF5212172C8515F300FA619F /* TextView.swift */; };
		DF52121A2C8518E300FA619F /* ImageView.swift in Sources */ = {isa = PBXBuildFile; fileRef = DF5212192C8518E300FA619F /* ImageView.swift */; };
		DF52121C2C851C1C00FA619F /* SpacerView.swift in Sources */ = {isa = PBXBuildFile; fileRef = DF52121B2C851C1C00FA619F /* SpacerView.swift */; };
		DF52121E2C852B1E00FA619F /* DividerView.swift in Sources */ = {isa = PBXBuildFile; fileRef = DF52121D2C852B1E00FA619F /* DividerView.swift */; };
		DF896D512C866D5D00E728BC /* TabViewTest.swift in Sources */ = {isa = PBXBuildFile; fileRef = DF896D502C866D5D00E728BC /* TabViewTest.swift */; };
		DFA129272C7BEF7600D5FA6B /* ViewsApp.swift in Sources */ = {isa = PBXBuildFile; fileRef = DFA129262C7BEF7600D5FA6B /* ViewsApp.swift */; };
		DFA129292C7BEF7600D5FA6B /* ContentView.swift in Sources */ = {isa = PBXBuildFile; fileRef = DFA129282C7BEF7600D5FA6B /* ContentView.swift */; };
		DFA1292B2C7BEF7800D5FA6B /* Assets.xcassets in Resources */ = {isa = PBXBuildFile; fileRef = DFA1292A2C7BEF7800D5FA6B /* Assets.xcassets */; };
		DFA1292E2C7BEF7800D5FA6B /* Preview Assets.xcassets in Resources */ = {isa = PBXBuildFile; fileRef = DFA1292D2C7BEF7800D5FA6B /* Preview Assets.xcassets */; };
/* End PBXBuildFile section */

/* Begin PBXFileReference section */
		DF5212092C7BF13A00FA619F /* ButtonView.swift */ = {isa = PBXFileReference; lastKnownFileType = sourcecode.swift; path = ButtonView.swift; sourceTree = "<group>"; };
		DF52120B2C7BF4C800FA619F /* ScrollViewTest.swift */ = {isa = PBXFileReference; lastKnownFileType = sourcecode.swift; path = ScrollViewTest.swift; sourceTree = "<group>"; };
		DF52120D2C7BF93700FA619F /* ScrollviewHorizontal.swift */ = {isa = PBXFileReference; lastKnownFileType = sourcecode.swift; path = ScrollviewHorizontal.swift; sourceTree = "<group>"; };
		DF52120F2C7BFFF600FA619F /* VStackView.swift */ = {isa = PBXFileReference; lastKnownFileType = sourcecode.swift; path = VStackView.swift; sourceTree = "<group>"; };
		DF5212112C7C04F600FA619F /* HStackView.swift */ = {isa = PBXFileReference; lastKnownFileType = sourcecode.swift; path = HStackView.swift; sourceTree = "<group>"; };
		DF5212152C7C060E00FA619F /* ZStackView.swift */ = {isa = PBXFileReference; lastKnownFileType = sourcecode.swift; path = ZStackView.swift; sourceTree = "<group>"; };
		DF5212172C8515F300FA619F /* TextView.swift */ = {isa = PBXFileReference; lastKnownFileType = sourcecode.swift; path = TextView.swift; sourceTree = "<group>"; };
		DF5212192C8518E300FA619F /* ImageView.swift */ = {isa = PBXFileReference; lastKnownFileType = sourcecode.swift; path = ImageView.swift; sourceTree = "<group>"; };
		DF52121B2C851C1C00FA619F /* SpacerView.swift */ = {isa = PBXFileReference; lastKnownFileType = sourcecode.swift; path = SpacerView.swift; sourceTree = "<group>"; };
		DF52121D2C852B1E00FA619F /* DividerView.swift */ = {isa = PBXFileReference; lastKnownFileType = sourcecode.swift; path = DividerView.swift; sourceTree = "<group>"; };
		DF896D502C866D5D00E728BC /* TabViewTest.swift */ = {isa = PBXFileReference; lastKnownFileType = sourcecode.swift; path = TabViewTest.swift; sourceTree = "<group>"; };
		DFA129232C7BEF7600D5FA6B /* Views.app */ = {isa = PBXFileReference; explicitFileType = wrapper.application; includeInIndex = 0; path = Views.app; sourceTree = BUILT_PRODUCTS_DIR; };
		DFA129262C7BEF7600D5FA6B /* ViewsApp.swift */ = {isa = PBXFileReference; lastKnownFileType = sourcecode.swift; path = ViewsApp.swift; sourceTree = "<group>"; };
		DFA129282C7BEF7600D5FA6B /* ContentView.swift */ = {isa = PBXFileReference; lastKnownFileType = sourcecode.swift; path = ContentView.swift; sourceTree = "<group>"; };
		DFA1292A2C7BEF7800D5FA6B /* Assets.xcassets */ = {isa = PBXFileReference; lastKnownFileType = folder.assetcatalog; path = Assets.xcassets; sourceTree = "<group>"; };
		DFA1292D2C7BEF7800D5FA6B /* Preview Assets.xcassets */ = {isa = PBXFileReference; lastKnownFileType = folder.assetcatalog; path = "Preview Assets.xcassets"; sourceTree = "<group>"; };
/* End PBXFileReference section */

/* Begin PBXFrameworksBuildPhase section */
		DFA129202C7BEF7600D5FA6B /* Frameworks */ = {
			isa = PBXFrameworksBuildPhase;
			buildActionMask = 2147483647;
			files = (
			);
			runOnlyForDeploymentPostprocessing = 0;
		};
/* End PBXFrameworksBuildPhase section */

/* Begin PBXGroup section */
		DFA1291A2C7BEF7600D5FA6B = {
			isa = PBXGroup;
			children = (
				DFA129252C7BEF7600D5FA6B /* Views */,
				DFA129242C7BEF7600D5FA6B /* Products */,
			);
			sourceTree = "<group>";
		};
		DFA129242C7BEF7600D5FA6B /* Products */ = {
			isa = PBXGroup;
			children = (
				DFA129232C7BEF7600D5FA6B /* Views.app */,
			);
			name = Products;
			sourceTree = "<group>";
		};
		DFA129252C7BEF7600D5FA6B /* Views */ = {
			isa = PBXGroup;
			children = (
				DFA129262C7BEF7600D5FA6B /* ViewsApp.swift */,
				DFA129282C7BEF7600D5FA6B /* ContentView.swift */,
				DF896D502C866D5D00E728BC /* TabViewTest.swift */,
				DF52120F2C7BFFF600FA619F /* VStackView.swift */,
				DF5212112C7C04F600FA619F /* HStackView.swift */,
				DF5212152C7C060E00FA619F /* ZStackView.swift */,
				DF5212172C8515F300FA619F /* TextView.swift */,
				DF52121D2C852B1E00FA619F /* DividerView.swift */,
				DF5212192C8518E300FA619F /* ImageView.swift */,
				DF5212092C7BF13A00FA619F /* ButtonView.swift */,
				DF52121B2C851C1C00FA619F /* SpacerView.swift */,
				DF52120B2C7BF4C800FA619F /* ScrollViewTest.swift */,
				DF52120D2C7BF93700FA619F /* ScrollviewHorizontal.swift */,
				DFA1292A2C7BEF7800D5FA6B /* Assets.xcassets */,
				DFA1292C2C7BEF7800D5FA6B /* Preview Content */,
			);
			path = Views;
			sourceTree = "<group>";
		};
		DFA1292C2C7BEF7800D5FA6B /* Preview Content */ = {
			isa = PBXGroup;
			children = (
				DFA1292D2C7BEF7800D5FA6B /* Preview Assets.xcassets */,
			);
			path = "Preview Content";
			sourceTree = "<group>";
		};
/* End PBXGroup section */

/* Begin PBXNativeTarget section */
		DFA129222C7BEF7600D5FA6B /* Views */ = {
			isa = PBXNativeTarget;
			buildConfigurationList = DFA129312C7BEF7800D5FA6B /* Build configuration list for PBXNativeTarget "Views" */;
			buildPhases = (
				DFA1291F2C7BEF7600D5FA6B /* Sources */,
				DFA129202C7BEF7600D5FA6B /* Frameworks */,
				DFA129212C7BEF7600D5FA6B /* Resources */,
			);
			buildRules = (
			);
			dependencies = (
			);
			name = Views;
			productName = Views;
			productReference = DFA129232C7BEF7600D5FA6B /* Views.app */;
			productType = "com.apple.product-type.application";
		};
/* End PBXNativeTarget section */

/* Begin PBXProject section */
		DFA1291B2C7BEF7600D5FA6B /* Project object */ = {
			isa = PBXProject;
			attributes = {
				BuildIndependentTargetsInParallel = 1;
				LastSwiftUpdateCheck = 1540;
				LastUpgradeCheck = 1540;
				TargetAttributes = {
					DFA129222C7BEF7600D5FA6B = {
						CreatedOnToolsVersion = 15.4;
					};
				};
			};
			buildConfigurationList = DFA1291E2C7BEF7600D5FA6B /* Build configuration list for PBXProject "Views" */;
			compatibilityVersion = "Xcode 14.0";
			developmentRegion = en;
			hasScannedForEncodings = 0;
			knownRegions = (
				en,
				Base,
			);
			mainGroup = DFA1291A2C7BEF7600D5FA6B;
			productRefGroup = DFA129242C7BEF7600D5FA6B /* Products */;
			projectDirPath = "";
			projectRoot = "";
			targets = (
				DFA129222C7BEF7600D5FA6B /* Views */,
			);
		};
/* End PBXProject section */

/* Begin PBXResourcesBuildPhase section */
		DFA129212C7BEF7600D5FA6B /* Resources */ = {
			isa = PBXResourcesBuildPhase;
			buildActionMask = 2147483647;
			files = (
				DFA1292E2C7BEF7800D5FA6B /* Preview Assets.xcassets in Resources */,
				DFA1292B2C7BEF7800D5FA6B /* Assets.xcassets in Resources */,
			);
			runOnlyForDeploymentPostprocessing = 0;
		};
/* End PBXResourcesBuildPhase section */

/* Begin PBXSourcesBuildPhase section */
		DFA1291F2C7BEF7600D5FA6B /* Sources */ = {
			isa = PBXSourcesBuildPhase;
			buildActionMask = 2147483647;
			files = (
				DF52121A2C8518E300FA619F /* ImageView.swift in Sources */,
				DFA129292C7BEF7600D5FA6B /* ContentView.swift in Sources */,
				DF5212122C7C04F600FA619F /* HStackView.swift in Sources */,
				DF52120C2C7BF4C800FA619F /* ScrollViewTest.swift in Sources */,
				DF52120E2C7BF93700FA619F /* ScrollviewHorizontal.swift in Sources */,
				DF52120A2C7BF13A00FA619F /* ButtonView.swift in Sources */,
				DFA129272C7BEF7600D5FA6B /* ViewsApp.swift in Sources */,
				DF5212182C8515F300FA619F /* TextView.swift in Sources */,
				DF52121C2C851C1C00FA619F /* SpacerView.swift in Sources */,
				DF896D512C866D5D00E728BC /* TabViewTest.swift in Sources */,
				DF5212162C7C060E00FA619F /* ZStackView.swift in Sources */,
				DF52121E2C852B1E00FA619F /* DividerView.swift in Sources */,
				DF5212102C7BFFF600FA619F /* VStackView.swift in Sources */,
			);
			runOnlyForDeploymentPostprocessing = 0;
		};
/* End PBXSourcesBuildPhase section */

/* Begin XCBuildConfiguration section */
		DFA1292F2C7BEF7800D5FA6B /* Debug */ = {
			isa = XCBuildConfiguration;
			buildSettings = {
				ALWAYS_SEARCH_USER_PATHS = NO;
				ASSETCATALOG_COMPILER_GENERATE_SWIFT_ASSET_SYMBOL_EXTENSIONS = YES;
				CLANG_ANALYZER_NONNULL = YES;
				CLANG_ANALYZER_NUMBER_OBJECT_CONVERSION = YES_AGGRESSIVE;
				CLANG_CXX_LANGUAGE_STANDARD = "gnu++20";
				CLANG_ENABLE_MODULES = YES;
				CLANG_ENABLE_OBJC_ARC = YES;
				CLANG_ENABLE_OBJC_WEAK = YES;
				CLANG_WARN_BLOCK_CAPTURE_AUTORELEASING = YES;
				CLANG_WARN_BOOL_CONVERSION = YES;
				CLANG_WARN_COMMA = YES;
				CLANG_WARN_CONSTANT_CONVERSION = YES;
				CLANG_WARN_DEPRECATED_OBJC_IMPLEMENTATIONS = YES;
				CLANG_WARN_DIRECT_OBJC_ISA_USAGE = YES_ERROR;
				CLANG_WARN_DOCUMENTATION_COMMENTS = YES;
				CLANG_WARN_EMPTY_BODY = YES;
				CLANG_WARN_ENUM_CONVERSION = YES;
				CLANG_WARN_INFINITE_RECURSION = YES;
				CLANG_WARN_INT_CONVERSION = YES;
				CLANG_WARN_NON_LITERAL_NULL_CONVERSION = YES;
				CLANG_WARN_OBJC_IMPLICIT_RETAIN_SELF = YES;
				CLANG_WARN_OBJC_LITERAL_CONVERSION = YES;
				CLANG_WARN_OBJC_ROOT_CLASS = YES_ERROR;
				CLANG_WARN_QUOTED_INCLUDE_IN_FRAMEWORK_HEADER = YES;
				CLANG_WARN_RANGE_LOOP_ANALYSIS = YES;
				CLANG_WARN_STRICT_PROTOTYPES = YES;
				CLANG_WARN_SUSPICIOUS_MOVE = YES;
				CLANG_WARN_UNGUARDED_AVAILABILITY = YES_AGGRESSIVE;
				CLANG_WARN_UNREACHABLE_CODE = YES;
				CLANG_WARN__DUPLICATE_METHOD_MATCH = YES;
				COPY_PHASE_STRIP = NO;
				DEBUG_INFORMATION_FORMAT = dwarf;
				ENABLE_STRICT_OBJC_MSGSEND = YES;
				ENABLE_TESTABILITY = YES;
				ENABLE_USER_SCRIPT_SANDBOXING = YES;
				GCC_C_LANGUAGE_STANDARD = gnu17;
				GCC_DYNAMIC_NO_PIC = NO;
				GCC_NO_COMMON_BLOCKS = YES;
				GCC_OPTIMIZATION_LEVEL = 0;
				GCC_PREPROCESSOR_DEFINITIONS = (
					"DEBUG=1",
					"$(inherited)",
				);
				GCC_WARN_64_TO_32_BIT_CONVERSION = YES;
				GCC_WARN_ABOUT_RETURN_TYPE = YES_ERROR;
				GCC_WARN_UNDECLARED_SELECTOR = YES;
				GCC_WARN_UNINITIALIZED_AUTOS = YES_AGGRESSIVE;
				GCC_WARN_UNUSED_FUNCTION = YES;
				GCC_WARN_UNUSED_VARIABLE = YES;
				IPHONEOS_DEPLOYMENT_TARGET = 17.5;
				LOCALIZATION_PREFERS_STRING_CATALOGS = YES;
				MTL_ENABLE_DEBUG_INFO = INCLUDE_SOURCE;
				MTL_FAST_MATH = YES;
				ONLY_ACTIVE_ARCH = YES;
				SDKROOT = iphoneos;
				SWIFT_ACTIVE_COMPILATION_CONDITIONS = "DEBUG $(inherited)";
				SWIFT_OPTIMIZATION_LEVEL = "-Onone";
			};
			name = Debug;
		};
		DFA129302C7BEF7800D5FA6B /* Release */ = {
			isa = XCBuildConfiguration;
			buildSettings = {
				ALWAYS_SEARCH_USER_PATHS = NO;
				ASSETCATALOG_COMPILER_GENERATE_SWIFT_ASSET_SYMBOL_EXTENSIONS = YES;
				CLANG_ANALYZER_NONNULL = YES;
				CLANG_ANALYZER_NUMBER_OBJECT_CONVERSION = YES_AGGRESSIVE;
				CLANG_CXX_LANGUAGE_STANDARD = "gnu++20";
				CLANG_ENABLE_MODULES = YES;
				CLANG_ENABLE_OBJC_ARC = YES;
				CLANG_ENABLE_OBJC_WEAK = YES;
				CLANG_WARN_BLOCK_CAPTURE_AUTORELEASING = YES;
				CLANG_WARN_BOOL_CONVERSION = YES;
				CLANG_WARN_COMMA = YES;
				CLANG_WARN_CONSTANT_CONVERSION = YES;
				CLANG_WARN_DEPRECATED_OBJC_IMPLEMENTATIONS = YES;
				CLANG_WARN_DIRECT_OBJC_ISA_USAGE = YES_ERROR;
				CLANG_WARN_DOCUMENTATION_COMMENTS = YES;
				CLANG_WARN_EMPTY_BODY = YES;
				CLANG_WARN_ENUM_CONVERSION = YES;
				CLANG_WARN_INFINITE_RECURSION = YES;
				CLANG_WARN_INT_CONVERSION = YES;
				CLANG_WARN_NON_LITERAL_NULL_CONVERSION = YES;
				CLANG_WARN_OBJC_IMPLICIT_RETAIN_SELF = YES;
				CLANG_WARN_OBJC_LITERAL_CONVERSION = YES;
				CLANG_WARN_OBJC_ROOT_CLASS = YES_ERROR;
				CLANG_WARN_QUOTED_INCLUDE_IN_FRAMEWORK_HEADER = YES;
				CLANG_WARN_RANGE_LOOP_ANALYSIS = YES;
				CLANG_WARN_STRICT_PROTOTYPES = YES;
				CLANG_WARN_SUSPICIOUS_MOVE = YES;
				CLANG_WARN_UNGUARDED_AVAILABILITY = YES_AGGRESSIVE;
				CLANG_WARN_UNREACHABLE_CODE = YES;
				CLANG_WARN__DUPLICATE_METHOD_MATCH = YES;
				COPY_PHASE_STRIP = NO;
				DEBUG_INFORMATION_FORMAT = "dwarf-with-dsym";
				ENABLE_NS_ASSERTIONS = NO;
				ENABLE_STRICT_OBJC_MSGSEND = YES;
				ENABLE_USER_SCRIPT_SANDBOXING = YES;
				GCC_C_LANGUAGE_STANDARD = gnu17;
				GCC_NO_COMMON_BLOCKS = YES;
				GCC_WARN_64_TO_32_BIT_CONVERSION = YES;
				GCC_WARN_ABOUT_RETURN_TYPE = YES_ERROR;
				GCC_WARN_UNDECLARED_SELECTOR = YES;
				GCC_WARN_UNINITIALIZED_AUTOS = YES_AGGRESSIVE;
				GCC_WARN_UNUSED_FUNCTION = YES;
				GCC_WARN_UNUSED_VARIABLE = YES;
				IPHONEOS_DEPLOYMENT_TARGET = 17.5;
				LOCALIZATION_PREFERS_STRING_CATALOGS = YES;
				MTL_ENABLE_DEBUG_INFO = NO;
				MTL_FAST_MATH = YES;
				SDKROOT = iphoneos;
				SWIFT_COMPILATION_MODE = wholemodule;
				VALIDATE_PRODUCT = YES;
			};
			name = Release;
		};
		DFA129322C7BEF7800D5FA6B /* Debug */ = {
			isa = XCBuildConfiguration;
			buildSettings = {
				ASSETCATALOG_COMPILER_APPICON_NAME = AppIcon;
				ASSETCATALOG_COMPILER_GLOBAL_ACCENT_COLOR_NAME = AccentColor;
				CODE_SIGN_STYLE = Automatic;
				CURRENT_PROJECT_VERSION = 1;
				DEVELOPMENT_ASSET_PATHS = "\"Views/Preview Content\"";
				DEVELOPMENT_TEAM = 7WBWG3BFL6;
				ENABLE_PREVIEWS = YES;
				GENERATE_INFOPLIST_FILE = YES;
				INFOPLIST_KEY_UIApplicationSceneManifest_Generation = YES;
				INFOPLIST_KEY_UIApplicationSupportsIndirectInputEvents = YES;
				INFOPLIST_KEY_UILaunchScreen_Generation = YES;
				INFOPLIST_KEY_UISupportedInterfaceOrientations_iPad = "UIInterfaceOrientationPortrait UIInterfaceOrientationPortraitUpsideDown UIInterfaceOrientationLandscapeLeft UIInterfaceOrientationLandscapeRight";
				INFOPLIST_KEY_UISupportedInterfaceOrientations_iPhone = "UIInterfaceOrientationPortrait UIInterfaceOrientationLandscapeLeft UIInterfaceOrientationLandscapeRight";
				LD_RUNPATH_SEARCH_PATHS = (
					"$(inherited)",
					"@executable_path/Frameworks",
				);
				MARKETING_VERSION = 1.0;
				PRODUCT_BUNDLE_IDENTIFIER = Swift.Views;
				PRODUCT_NAME = "$(TARGET_NAME)";
				SWIFT_EMIT_LOC_STRINGS = YES;
				SWIFT_VERSION = 5.0;
				TARGETED_DEVICE_FAMILY = "1,2";
			};
			name = Debug;
		};
		DFA129332C7BEF7800D5FA6B /* Release */ = {
			isa = XCBuildConfiguration;
			buildSettings = {
				ASSETCATALOG_COMPILER_APPICON_NAME = AppIcon;
				ASSETCATALOG_COMPILER_GLOBAL_ACCENT_COLOR_NAME = AccentColor;
				CODE_SIGN_STYLE = Automatic;
				CURRENT_PROJECT_VERSION = 1;
				DEVELOPMENT_ASSET_PATHS = "\"Views/Preview Content\"";
				DEVELOPMENT_TEAM = 7WBWG3BFL6;
				ENABLE_PREVIEWS = YES;
				GENERATE_INFOPLIST_FILE = YES;
				INFOPLIST_KEY_UIApplicationSceneManifest_Generation = YES;
				INFOPLIST_KEY_UIApplicationSupportsIndirectInputEvents = YES;
				INFOPLIST_KEY_UILaunchScreen_Generation = YES;
				INFOPLIST_KEY_UISupportedInterfaceOrientations_iPad = "UIInterfaceOrientationPortrait UIInterfaceOrientationPortraitUpsideDown UIInterfaceOrientationLandscapeLeft UIInterfaceOrientationLandscapeRight";
				INFOPLIST_KEY_UISupportedInterfaceOrientations_iPhone = "UIInterfaceOrientationPortrait UIInterfaceOrientationLandscapeLeft UIInterfaceOrientationLandscapeRight";
				LD_RUNPATH_SEARCH_PATHS = (
					"$(inherited)",
					"@executable_path/Frameworks",
				);
				MARKETING_VERSION = 1.0;
				PRODUCT_BUNDLE_IDENTIFIER = Swift.Views;
				PRODUCT_NAME = "$(TARGET_NAME)";
				SWIFT_EMIT_LOC_STRINGS = YES;
				SWIFT_VERSION = 5.0;
				TARGETED_DEVICE_FAMILY = "1,2";
			};
			name = Release;
		};
/* End XCBuildConfiguration section */

/* Begin XCConfigurationList section */
		DFA1291E2C7BEF7600D5FA6B /* Build configuration list for PBXProject "Views" */ = {
			isa = XCConfigurationList;
			buildConfigurations = (
				DFA1292F2C7BEF7800D5FA6B /* Debug */,
				DFA129302C7BEF7800D5FA6B /* Release */,
			);
			defaultConfigurationIsVisible = 0;
			defaultConfigurationName = Release;
		};
		DFA129312C7BEF7800D5FA6B /* Build configuration list for PBXNativeTarget "Views" */ = {
			isa = XCConfigurationList;
			buildConfigurations = (
				DFA129322C7BEF7800D5FA6B /* Debug */,
				DFA129332C7BEF7800D5FA6B /* Release */,
			);
			defaultConfigurationIsVisible = 0;
			defaultConfigurationName = Release;
		};
/* End XCConfigurationList section */
	};
	rootObject = DFA1291B2C7BEF7600D5FA6B /* Project object */;
}
